
Microsoft Visual Studio Solution File, Format Version 12.00
# Visual Studio Version 17
VisualStudioVersion = 17.4.33213.308
MinimumVisualStudioVersion = 10.0.40219.1
Project("{FAE04EC0-301F-11D3-BF4B-00C04F79EFBC}") = "VLC-React", "VLC-React\VLC-React.csproj", "{F65D6B75-EC25-417D-BE11-5082FEB902DD}"
EndProject
Global
	GlobalSection(SolutionConfigurationPlatforms) = preSolution
		Debug|Any CPU = Debug|Any CPU
		Release|Any CPU = Release|Any CPU
	EndGlobalSection
	GlobalSection(ProjectConfigurationPlatforms) = postSolution
		{F65D6B75-EC25-417D-BE11-5082FEB902DD}.Debug|Any CPU.ActiveCfg = Debug|Any CPU
		{F65D6B75-EC25-417D-BE11-5082FEB902DD}.Debug|Any CPU.Build.0 = Debug|Any CPU
		{F65D6B75-EC25-417D-BE11-5082FEB902DD}.Release|Any CPU.ActiveCfg = Release|Any CPU
		{F65D6B75-EC25-417D-BE11-5082FEB902DD}.Release|Any CPU.Build.0 = Release|Any CPU
	EndGlobalSection
	GlobalSection(SolutionProperties) = preSolution
		HideSolutionNode = FALSE
	EndGlobalSection
	GlobalSection(ExtensibilityGlobals) = postSolution
		SolutionGuid = {4EAF48E2-5F20-4C15-B34F-B32D0C8B16CE}
	EndGlobalSection
EndGlobal
