
Microsoft Visual Studio Solution File, Format Version 12.00
# Visual Studio Version 17
VisualStudioVersion = 17.4.33213.308
MinimumVisualStudioVersion = 10.0.40219.1
Project("{9A19103F-16F7-4668-BE54-9A1E7A4F7556}") = "VLC-React", "VLC-React\VLC-React.csproj", "{F65D6B75-EC25-417D-BE11-5082FEB902DD}"
EndProject
Project("{2150E333-8FDC-42A3-9474-1A3956D46DE8}") = "Presentation", "Presentation", "{6FAC18DA-2587-4708-848C-16A160D7BAA9}"
EndProject
Project("{2150E333-8FDC-42A3-9474-1A3956D46DE8}") = "Application", "Application", "{2BE83CE2-1D1C-4D08-8077-62699B7BE2E2}"
EndProject
Project("{2150E333-8FDC-42A3-9474-1A3956D46DE8}") = "Domain", "Domain", "{18CD017B-5FEC-4670-981B-2D1156E06FCF}"
EndProject
Project("{2150E333-8FDC-42A3-9474-1A3956D46DE8}") = "Infrastructure", "Infrastructure", "{36B8971C-C848-4E74-8E72-A3639850E633}"
EndProject
Project("{2150E333-8FDC-42A3-9474-1A3956D46DE8}") = "Tests", "Tests", "{244F671F-292E-4473-BB1C-83EB471956AC}"
EndProject
Project("{2150E333-8FDC-42A3-9474-1A3956D46DE8}") = "client", "client", "{A7D3FC49-1B9F-4150-BD47-563565B35F5F}"
EndProject
Project("{2150E333-8FDC-42A3-9474-1A3956D46DE8}") = "server", "server", "{53332DF8-BB8F-45EB-B08A-F72E56175DFE}"
EndProject
Project("{2150E333-8FDC-42A3-9474-1A3956D46DE8}") = "Data", "Data", "{4302E514-1FB2-4101-8614-C68A6FB0B655}"
EndProject
Project("{2150E333-8FDC-42A3-9474-1A3956D46DE8}") = "CrossCutting", "CrossCutting", "{990A4461-AA7E-4A1D-B0A6-75A2860011BE}"
EndProject
Project("{2150E333-8FDC-42A3-9474-1A3956D46DE8}") = "Utilities", "Utilities", "{3EF44D2F-8B91-47E5-A46F-6D10D22418DD}"
EndProject
Global
	GlobalSection(SolutionConfigurationPlatforms) = preSolution
		Debug|Any CPU = Debug|Any CPU
		Release|Any CPU = Release|Any CPU
	EndGlobalSection
	GlobalSection(ProjectConfigurationPlatforms) = postSolution
		{F65D6B75-EC25-417D-BE11-5082FEB902DD}.Debug|Any CPU.ActiveCfg = Debug|Any CPU
		{F65D6B75-EC25-417D-BE11-5082FEB902DD}.Debug|Any CPU.Build.0 = Debug|Any CPU
		{F65D6B75-EC25-417D-BE11-5082FEB902DD}.Release|Any CPU.ActiveCfg = Release|Any CPU
		{F65D6B75-EC25-417D-BE11-5082FEB902DD}.Release|Any CPU.Build.0 = Release|Any CPU
	EndGlobalSection
	GlobalSection(SolutionProperties) = preSolution
		HideSolutionNode = FALSE
	EndGlobalSection
	GlobalSection(NestedProjects) = preSolution
		{F65D6B75-EC25-417D-BE11-5082FEB902DD} = {6FAC18DA-2587-4708-848C-16A160D7BAA9}
		{6FAC18DA-2587-4708-848C-16A160D7BAA9} = {53332DF8-BB8F-45EB-B08A-F72E56175DFE}
		{2BE83CE2-1D1C-4D08-8077-62699B7BE2E2} = {53332DF8-BB8F-45EB-B08A-F72E56175DFE}
		{18CD017B-5FEC-4670-981B-2D1156E06FCF} = {53332DF8-BB8F-45EB-B08A-F72E56175DFE}
		{36B8971C-C848-4E74-8E72-A3639850E633} = {53332DF8-BB8F-45EB-B08A-F72E56175DFE}
		{244F671F-292E-4473-BB1C-83EB471956AC} = {53332DF8-BB8F-45EB-B08A-F72E56175DFE}
		{4302E514-1FB2-4101-8614-C68A6FB0B655} = {36B8971C-C848-4E74-8E72-A3639850E633}
		{990A4461-AA7E-4A1D-B0A6-75A2860011BE} = {36B8971C-C848-4E74-8E72-A3639850E633}
		{3EF44D2F-8B91-47E5-A46F-6D10D22418DD} = {36B8971C-C848-4E74-8E72-A3639850E633}
	EndGlobalSection
	GlobalSection(ExtensibilityGlobals) = postSolution
		SolutionGuid = {4EAF48E2-5F20-4C15-B34F-B32D0C8B16CE}
	EndGlobalSection
EndGlobal
